
Microsoft Visual Studio Solution File, Format Version 12.00
# Visual Studio Version 16
VisualStudioVersion = 16.0.30907.101
MinimumVisualStudioVersion = 10.0.40219.1
Project("{9A19103F-16F7-4668-BE54-9A1E7A4F7556}") = "EatFit", "EatFit.csproj", "{7E5F1896-44CA-4552-B550-A07BE3CBA3BC}"
EndProject
Global
	GlobalSection(SolutionConfigurationPlatforms) = preSolution
		Debug|Any CPU = Debug|Any CPU
		Release|Any CPU = Release|Any CPU
	EndGlobalSection
	GlobalSection(ProjectConfigurationPlatforms) = postSolution
		{7E5F1896-44CA-4552-B550-A07BE3CBA3BC}.Debug|Any CPU.ActiveCfg = Debug|Any CPU
		{7E5F1896-44CA-4552-B550-A07BE3CBA3BC}.Debug|Any CPU.Build.0 = Debug|Any CPU
		{7E5F1896-44CA-4552-B550-A07BE3CBA3BC}.Release|Any CPU.ActiveCfg = Release|Any CPU
		{7E5F1896-44CA-4552-B550-A07BE3CBA3BC}.Release|Any CPU.Build.0 = Release|Any CPU
	EndGlobalSection
	GlobalSection(SolutionProperties) = preSolution
		HideSolutionNode = FALSE
	EndGlobalSection
	GlobalSection(ExtensibilityGlobals) = postSolution
		SolutionGuid = {935D86E8-2331-4B1E-B036-AB3ECEA97AFC}
	EndGlobalSection
EndGlobal
